# THIS IS AN AUTOGENERATED FILE. DO NOT EDIT THIS FILE DIRECTLY.
# yarn lockfile v1


"@analytics/cookie-utils@^0.2.7":
  version "0.2.7"
  resolved "https://registry.yarnpkg.com/@analytics/cookie-utils/-/cookie-utils-0.2.7.tgz#10eec7e54f0adb7e07e1232c349da07bdf6d79c7"
  integrity sha512-PgrcemqWDfVgk1itFo8phUsWJlOsTp2088NV89/p1utwbySkS2FcCX4Xz7ZezsBqK7wZdgzHosg6LKyzDkUxrg==
  dependencies:
    "@analytics/global-storage-utils" "^0.1.2"

"@analytics/core@^0.10.16":
  version "0.10.16"
  resolved "https://registry.yarnpkg.com/@analytics/core/-/core-0.10.16.tgz#add4545ecb4958bf14ce5156dc5cb1a0939a3b30"
  integrity sha512-DrdkD5o1h2cb+GcKV7o/KmoUl2T2+MBGUghIs68GQGHvi+Rgvmuvm9vLGQ9F4ANCdQX0HHZNcw/ZbVHBOvAbbg==
  dependencies:
    "@analytics/global-storage-utils" "^0.1.2"
    "@analytics/type-utils" "^0.4.0"
    analytics-utils "^1.0.4"

"@analytics/fullstory@^0.2.4":
  version "0.2.4"
  resolved "https://registry.yarnpkg.com/@analytics/fullstory/-/fullstory-0.2.4.tgz#14f0c0b7d7f869fbdda1e7e8cb0e335df6617863"
  integrity sha512-lZ5hkbpORSM2F5R3diQTgkCza7SABQcgYLscYAnWSaFtzXGO6SS6atsBO658uvE4OW8z5FSxOw3rkdrGylLa0g==
  dependencies:
    camelcase "^5.3.1"

"@analytics/global-storage-utils@^0.1.2":
  version "0.1.2"
  resolved "https://registry.yarnpkg.com/@analytics/global-storage-utils/-/global-storage-utils-0.1.2.tgz#f20c4ce485a6e01fef2601ac96aab7887153d7e2"
  integrity sha512-y4AXZAB+ZKmg1eEu8jLT/tuLG9Owl7uVU0uvI18mlRUd1fGS+DQ8x84ZKmkS5wSdrBIUjGX5Lqkg5o7EjQ5lDA==

"@analytics/localstorage-utils@^0.1.5":
  version "0.1.5"
  resolved "https://registry.yarnpkg.com/@analytics/localstorage-utils/-/localstorage-utils-0.1.5.tgz#65d07bc2d2124a2f2667b2f35d855071dd6c16d8"
  integrity sha512-hEZYoZuO9GbLNCAdWAgsd7afteKOAAa7X8LKEW4CgkGGyEgonmL1MyYK0XJNvrINdCfdIwBDCWsK8vFk1vL4lg==
  dependencies:
    "@analytics/global-storage-utils" "^0.1.2"

"@analytics/storage-utils@^0.2.13":
  version "0.2.13"
  resolved "https://registry.yarnpkg.com/@analytics/storage-utils/-/storage-utils-0.2.13.tgz#b97349219a5e9d84aed6d6f6d320217f32804f60"
  integrity sha512-chAYaby6JS3V07klue60ZWGL6Z0HO6qRWF0aRbXWPrA6O10MiCG+3NmvMgmuxAKKfm69WN/LcvaklVu2hxhn1w==
  dependencies:
    "@analytics/cookie-utils" "^0.2.7"
    "@analytics/global-storage-utils" "^0.1.2"
    "@analytics/localstorage-utils" "^0.1.5"
    "@analytics/type-utils" "^0.4.0"

"@analytics/type-utils@^0.4.0":
  version "0.4.0"
  resolved "https://registry.yarnpkg.com/@analytics/type-utils/-/type-utils-0.4.0.tgz#8b88d7034969d9fc01f80d420510c98be058586f"
  integrity sha512-DJliPefVYCjAH1S77BYDo+9Nw4/ak8cZRLbBtOouHbNJqKjntdEEohBkRQqM128kQXQ5S7C+LF5n4hSKQHtpLw==

"@babel/runtime@^7.12.1":
  version "7.15.4"
  resolved "https://registry.yarnpkg.com/@babel/runtime/-/runtime-7.15.4.tgz#fd17d16bfdf878e6dd02d19753a39fa8a8d9c84a"
  integrity sha512-99catp6bHCaxr4sJ/DbTGgHS4+Rs2RVd2g7iOap6SLGPDknRK9ztKNsE/Fg6QhSeh1FGE5f6gHGQmvvn3I3xhw==
  dependencies:
    regenerator-runtime "^0.13.4"

"@types/node@^16.9.1":
  version "16.11.1"
  resolved "https://registry.yarnpkg.com/@types/node/-/node-16.11.1.tgz#2e50a649a50fc403433a14f829eface1a3443e97"
  integrity sha512-PYGcJHL9mwl1Ek3PLiYgyEKtwTMmkMw4vbiyz/ps3pfdRYLVv+SN7qHVAImrjdAXxgluDEw6Ph4lyv+m9UpRmA==

"@types/prop-types@*":
  version "15.7.4"
  resolved "https://registry.yarnpkg.com/@types/prop-types/-/prop-types-15.7.4.tgz#fcf7205c25dff795ee79af1e30da2c9790808f11"
  integrity sha512-rZ5drC/jWjrArrS8BR6SIr4cWpW09RNTYt9AMZo3Jwwif+iacXAqgVjm0B0Bv/S1jhDXKHqRVNCbACkJ89RAnQ==

"@types/react@>=16.8.0":
  version "17.0.30"
  resolved "https://registry.yarnpkg.com/@types/react/-/react-17.0.30.tgz#2f8e6f5ab6415c091cc5e571942ee9064b17609e"
  integrity sha512-3Dt/A8gd3TCXi2aRe84y7cK1K8G+N9CZRDG8kDGguOKa0kf/ZkSwTmVIDPsm/KbQOVMaDJXwhBtuOXxqwdpWVg==
  dependencies:
    "@types/prop-types" "*"
    "@types/scheduler" "*"
    csstype "^3.0.2"

"@types/scheduler@*":
  version "0.16.2"
  resolved "https://registry.yarnpkg.com/@types/scheduler/-/scheduler-0.16.2.tgz#1a62f89525723dde24ba1b01b092bf5df8ad4d39"
  integrity sha512-hppQEBDmlwhFAXKJX2KnWLYu5yMfi91yazPb2l+lbJiwW+wdo1gNeRA+3RgNSO39WYX2euey41KEwnqesU2Jew==

analytics-plugin-plausible@^0.0.4:
  version "0.0.4"
  resolved "https://registry.yarnpkg.com/analytics-plugin-plausible/-/analytics-plugin-plausible-0.0.4.tgz#77fb26e1833ded7a5f39a17846671edf1dbb8ca8"
  integrity sha512-yYsEx3iy8yrmEduMq3oSCSmYXN00Yh/PHE8WLFuT7+1IymKk+VVjIaqKToc3c6kR61tpHY1N0E1PgoA21NEVaw==
  dependencies:
    analytics "^0.7.5"

analytics-utils@^1.0.4:
  version "1.0.4"
  resolved "https://registry.yarnpkg.com/analytics-utils/-/analytics-utils-1.0.4.tgz#5b76087cb088c4b4a39a04720d2b0f0aa9748eb4"
  integrity sha512-n2qMVpLJWXv70EkYymnBLPI4593ZSm23XvTtWfNBj/51opf2O71OX309+p2qTf/pIe+6tqKfZeKWmSLe6O3PQg==
  dependencies:
    "@analytics/type-utils" "^0.4.0"
    dlv "^1.1.3"

analytics@^0.7.16, analytics@^0.7.5:
  version "0.7.16"
  resolved "https://registry.yarnpkg.com/analytics/-/analytics-0.7.16.tgz#dcdfb163cbd5b1d6bdc22b3e2e49765d1e943373"
  integrity sha512-8zlUfXMM3atnC6GXVqdXIks7iSbQNixEcz4qYbOwRl72n2JMqkF3FJUmPTpqNClHe6pSFJzZHgdAyXRdGtGk3g==
  dependencies:
    "@analytics/core" "^0.10.16"
    "@analytics/storage-utils" "^0.2.13"

camelcase@^5.3.1:
  version "5.3.1"
  resolved "https://registry.yarnpkg.com/camelcase/-/camelcase-5.3.1.tgz#e3c9b31569e106811df242f715725a1f4c494320"
  integrity sha512-L28STB170nwWS63UjtlEOE3dldQApaJXZkOI1uMFfzf3rRuPegHaHesyee+YxQ+W6SvRDQV6UrdOdRiR153wJg==

csstype@^3.0.2:
  version "3.0.9"
  resolved "https://registry.yarnpkg.com/csstype/-/csstype-3.0.9.tgz#6410af31b26bd0520933d02cbc64fce9ce3fbf0b"
  integrity sha512-rpw6JPxK6Rfg1zLOYCSwle2GFOOsnjmDYDaBwEcwoOg4qlsIVCN789VkBZDJAGi4T07gI4YSutR43t9Zz4Lzuw==

dlv@^1.1.3:
  version "1.1.3"
  resolved "https://registry.yarnpkg.com/dlv/-/dlv-1.1.3.tgz#5c198a8a11453596e751494d49874bc7732f2e79"
  integrity sha512-+HlytyjlPKnIG8XuRG8WvmBP8xs8P71y+SKKS6ZXWoEgLuePxtDoUEiH7WkdePWrQ5JBpE6aoVqfZfJUQkjXwA==

hoist-non-react-statics@^3.3.2:
  version "3.3.2"
  resolved "https://registry.yarnpkg.com/hoist-non-react-statics/-/hoist-non-react-statics-3.3.2.tgz#ece0acaf71d62c2969c2ec59feff42a4b1a85b45"
  integrity sha512-/gGivxi8JPKWNm/W0jSmzcMPpfpPLc3dY/6GxhX2hQ9iGj3aDfklV4ET7NjKpSinLpJ5vafa9iiGIEZg10SfBw==
  dependencies:
    react-is "^16.7.0"

mini-create-react-context@^0.4.1:
  version "0.4.1"
  resolved "https://registry.yarnpkg.com/mini-create-react-context/-/mini-create-react-context-0.4.1.tgz#072171561bfdc922da08a60c2197a497cc2d1d5e"
  integrity sha512-YWCYEmd5CQeHGSAKrYvXgmzzkrvssZcuuQDDeqkT+PziKGMgE+0MCCtcKbROzocGBG1meBLl2FotlRwf4gAzbQ==
  dependencies:
    "@babel/runtime" "^7.12.1"
    tiny-warning "^1.0.3"

react-is@^16.7.0:
  version "16.13.1"
  resolved "https://registry.yarnpkg.com/react-is/-/react-is-16.13.1.tgz#789729a4dc36de2999dc156dd6c1d9c18cea56a4"
  integrity sha512-24e6ynE2H+OKt4kqsOvNd8kBpV65zoxbA4BVsEOB3ARVWQki/DHzaUoC5KuON/BiccDaCCTZBuOcfZs70kR8bQ==

regenerator-runtime@^0.13.4:
  version "0.13.9"
  resolved "https://registry.yarnpkg.com/regenerator-runtime/-/regenerator-runtime-0.13.9.tgz#8925742a98ffd90814988d7566ad30ca3b263b52"
  integrity sha512-p3VT+cOEgxFsRRA9X4lkI1E+k2/CtnKtU4gcxyaCUreilL/vqI6CdZ3wxVUx3UOUg+gnUOQQcRI7BmSI656MYA==

tiny-invariant@^1.1.0:
  version "1.1.0"
  resolved "https://registry.yarnpkg.com/tiny-invariant/-/tiny-invariant-1.1.0.tgz#634c5f8efdc27714b7f386c35e6760991d230875"
  integrity sha512-ytxQvrb1cPc9WBEI/HSeYYoGD0kWnGEOR8RY6KomWLBVhqz0RgTwVO9dLrGz7dC+nN9llyI7OKAgRq8Vq4ZBSw==

tiny-warning@^1.0.3:
  version "1.0.3"
  resolved "https://registry.yarnpkg.com/tiny-warning/-/tiny-warning-1.0.3.tgz#94a30db453df4c643d0fd566060d60a875d84754"
  integrity sha512-lBN9zLN/oAf68o3zNXYrdCt1kP8WsiGW8Oo2ka41b2IM5JL/S1CTyX1rW0mb/zSuJun0ZUrDxx4sqvYS2FWzPA==

typescript@^4.4.3:
  version "4.4.4"
  resolved "https://registry.yarnpkg.com/typescript/-/typescript-4.4.4.tgz#2cd01a1a1f160704d3101fd5a58ff0f9fcb8030c"
  integrity sha512-DqGhF5IKoBl8WNf8C1gu8q0xZSInh9j1kJJMqT3a94w1JzVaBU4EXOSMrz9yDqMT0xt3selp83fuFMQ0uzv6qA==

use-analytics@^0.0.5:
  version "0.0.5"
  resolved "https://registry.yarnpkg.com/use-analytics/-/use-analytics-0.0.5.tgz#5f0f2750c0f3393b8cd1f86a7aecbf02dae415ca"
  integrity sha512-IM+H/ujkJK9cFqg/8O8uyFIRtU/fASYo35USyVNN/T6uswls65f8ZyexFfsAbg4jdqHS5xDyPiHICVxCZtfUpA==
  dependencies:
    hoist-non-react-statics "^3.3.2"
    mini-create-react-context "^0.4.1"
    tiny-invariant "^1.1.0"
